// !$*UTF8*$!
{
	archiveVersion = 1;
	classes = {
	};
	objectVersion = 46;
	objects = {

/* Begin PBXBuildFile section */
		8A5F85F3203C45E300B0106D /* AppDelegate.swift in Sources */ = {isa = PBXBuildFile; fileRef = 8A5F85F2203C45E300B0106D /* AppDelegate.swift */; };
		8A5F85F8203C45E300B0106D /* Main.storyboard in Resources */ = {isa = PBXBuildFile; fileRef = 8A5F85F6203C45E300B0106D /* Main.storyboard */; };
		8A5F85FA203C45E300B0106D /* Assets.xcassets in Resources */ = {isa = PBXBuildFile; fileRef = 8A5F85F9203C45E300B0106D /* Assets.xcassets */; };
		8A5F85FD203C45E300B0106D /* LaunchScreen.storyboard in Resources */ = {isa = PBXBuildFile; fileRef = 8A5F85FB203C45E300B0106D /* LaunchScreen.storyboard */; };
		8A5F8640203C462800B0106D /* ADPlayingViewController.swift in Sources */ = {isa = PBXBuildFile; fileRef = 8A5F8606203C462800B0106D /* ADPlayingViewController.swift */; };
		8A5F8641203C462800B0106D /* ADMusic.swift in Sources */ = {isa = PBXBuildFile; fileRef = 8A5F8608203C462800B0106D /* ADMusic.swift */; };
		8A5F8642203C462800B0106D /* ADAudioTool.swift in Sources */ = {isa = PBXBuildFile; fileRef = 8A5F860E203C462800B0106D /* ADAudioTool.swift */; };
		8A5F8644203C462800B0106D /* ADLrcLabel.swift in Sources */ = {isa = PBXBuildFile; fileRef = 8A5F8611203C462800B0106D /* ADLrcLabel.swift */; };
		8A5F8645203C462800B0106D /* ADLrcView.swift in Sources */ = {isa = PBXBuildFile; fileRef = 8A5F8612203C462800B0106D /* ADLrcView.swift */; };
		8A5F8646203C462800B0106D /* bb@2x.jpg in Resources */ = {isa = PBXBuildFile; fileRef = 8A5F8615203C462800B0106D /* bb@2x.jpg */; };
		8A5F8647203C462800B0106D /* bb_icon@2x.jpg in Resources */ = {isa = PBXBuildFile; fileRef = 8A5F8616203C462800B0106D /* bb_icon@2x.jpg */; };
		8A5F8648203C462800B0106D /* dzq@2x.jpg in Resources */ = {isa = PBXBuildFile; fileRef = 8A5F8617203C462800B0106D /* dzq@2x.jpg */; };
		8A5F8649203C462800B0106D /* dzq_icon@2x.jpg in Resources */ = {isa = PBXBuildFile; fileRef = 8A5F8618203C462800B0106D /* dzq_icon@2x.jpg */; };
		8A5F864A203C462800B0106D /* eason@2x.jpg in Resources */ = {isa = PBXBuildFile; fileRef = 8A5F8619203C462800B0106D /* eason@2x.jpg */; };
		8A5F864B203C462800B0106D /* eason_icon@2x.jpg in Resources */ = {isa = PBXBuildFile; fileRef = 8A5F861A203C462800B0106D /* eason_icon@2x.jpg */; };
		8A5F864C203C462800B0106D /* jay@2x.jpg in Resources */ = {isa = PBXBuildFile; fileRef = 8A5F861B203C462800B0106D /* jay@2x.jpg */; };
		8A5F864D203C462800B0106D /* jay_icon@2x.png in Resources */ = {isa = PBXBuildFile; fileRef = 8A5F861C203C462800B0106D /* jay_icon@2x.png */; };
		8A5F864E203C462800B0106D /* jj@2x.jpg in Resources */ = {isa = PBXBuildFile; fileRef = 8A5F861D203C462800B0106D /* jj@2x.jpg */; };
		8A5F864F203C462800B0106D /* jj_icon@2x.png in Resources */ = {isa = PBXBuildFile; fileRef = 8A5F861E203C462800B0106D /* jj_icon@2x.png */; };
		8A5F8650203C462800B0106D /* kzxd@2x.jpg in Resources */ = {isa = PBXBuildFile; fileRef = 8A5F861F203C462800B0106D /* kzxd@2x.jpg */; };
		8A5F8651203C462800B0106D /* kzxd_icon@2x.jpg in Resources */ = {isa = PBXBuildFile; fileRef = 8A5F8620203C462800B0106D /* kzxd_icon@2x.jpg */; };
		8A5F8652203C462800B0106D /* lkq@2x.jpg in Resources */ = {isa = PBXBuildFile; fileRef = 8A5F8621203C462800B0106D /* lkq@2x.jpg */; };
		8A5F8653203C462800B0106D /* lkq_icon@2x.jpg in Resources */ = {isa = PBXBuildFile; fileRef = 8A5F8622203C462800B0106D /* lkq_icon@2x.jpg */; };
		8A5F8654203C462800B0106D /* nanquan@2x.jpg in Resources */ = {isa = PBXBuildFile; fileRef = 8A5F8623203C462800B0106D /* nanquan@2x.jpg */; };
		8A5F8655203C462800B0106D /* nanquan_icon@2x.jpg in Resources */ = {isa = PBXBuildFile; fileRef = 8A5F8624203C462800B0106D /* nanquan_icon@2x.jpg */; };
		8A5F8656203C462800B0106D /* wf@2x.jpg in Resources */ = {isa = PBXBuildFile; fileRef = 8A5F8625203C462800B0106D /* wf@2x.jpg */; };
		8A5F8657203C462800B0106D /* wf_icon@2x.jpg in Resources */ = {isa = PBXBuildFile; fileRef = 8A5F8626203C462800B0106D /* wf_icon@2x.jpg */; };
		8A5F8658203C462800B0106D /* zxy@2x.jpg in Resources */ = {isa = PBXBuildFile; fileRef = 8A5F8627203C462800B0106D /* zxy@2x.jpg */; };
		8A5F8659203C462800B0106D /* zxy_icon@2x.jpg in Resources */ = {isa = PBXBuildFile; fileRef = 8A5F8628203C462800B0106D /* zxy_icon@2x.jpg */; };
		8A5F865A203C462800B0106D /* 10405520.lrc in Resources */ = {isa = PBXBuildFile; fileRef = 8A5F862A203C462800B0106D /* 10405520.lrc */; };
		8A5F865B203C462800B0106D /* 10736444.lrc in Resources */ = {isa = PBXBuildFile; fileRef = 8A5F862B203C462800B0106D /* 10736444.lrc */; };
		8A5F865C203C462800B0106D /* 120125029.lrc in Resources */ = {isa = PBXBuildFile; fileRef = 8A5F862C203C462800B0106D /* 120125029.lrc */; };
		8A5F865D203C462800B0106D /* 12309111.lrc in Resources */ = {isa = PBXBuildFile; fileRef = 8A5F862D203C462800B0106D /* 12309111.lrc */; };
		8A5F865E203C462800B0106D /* 14945107.lrc in Resources */ = {isa = PBXBuildFile; fileRef = 8A5F862E203C462800B0106D /* 14945107.lrc */; };
		8A5F865F203C462800B0106D /* 235319.lrc in Resources */ = {isa = PBXBuildFile; fileRef = 8A5F862F203C462800B0106D /* 235319.lrc */; };
		8A5F8660203C462800B0106D /* 255319.lrc in Resources */ = {isa = PBXBuildFile; fileRef = 8A5F8630203C462800B0106D /* 255319.lrc */; };
		8A5F8661203C462800B0106D /* 309769.lrc in Resources */ = {isa = PBXBuildFile; fileRef = 8A5F8631203C462800B0106D /* 309769.lrc */; };
		8A5F8662203C462800B0106D /* 339744.lrc in Resources */ = {isa = PBXBuildFile; fileRef = 8A5F8632203C462800B0106D /* 339744.lrc */; };
		8A5F8663203C462800B0106D /* 月半小夜曲.lrc in Resources */ = {isa = PBXBuildFile; fileRef = 8A5F8633203C462800B0106D /* 月半小夜曲.lrc */; };
		8A5F8664203C462800B0106D /* 10405520.mp3 in Resources */ = {isa = PBXBuildFile; fileRef = 8A5F8635203C462800B0106D /* 10405520.mp3 */; };
		8A5F8665203C462800B0106D /* 10736444.mp3 in Resources */ = {isa = PBXBuildFile; fileRef = 8A5F8636203C462800B0106D /* 10736444.mp3 */; };
		8A5F8666203C462800B0106D /* 1201111234.mp3 in Resources */ = {isa = PBXBuildFile; fileRef = 8A5F8637203C462800B0106D /* 1201111234.mp3 */; };
		8A5F8667203C462800B0106D /* 120125029.mp3 in Resources */ = {isa = PBXBuildFile; fileRef = 8A5F8638203C462800B0106D /* 120125029.mp3 */; };
		8A5F8668203C462800B0106D /* 12309111.mp3 in Resources */ = {isa = PBXBuildFile; fileRef = 8A5F8639203C462800B0106D /* 12309111.mp3 */; };
		8A5F8669203C462800B0106D /* 14945107.mp3 in Resources */ = {isa = PBXBuildFile; fileRef = 8A5F863A203C462800B0106D /* 14945107.mp3 */; };
		8A5F866A203C462800B0106D /* 235319.mp3 in Resources */ = {isa = PBXBuildFile; fileRef = 8A5F863B203C462800B0106D /* 235319.mp3 */; };
		8A5F866B203C462800B0106D /* 255319.mp3 in Resources */ = {isa = PBXBuildFile; fileRef = 8A5F863C203C462800B0106D /* 255319.mp3 */; };
		8A5F866C203C462800B0106D /* 309769.mp3 in Resources */ = {isa = PBXBuildFile; fileRef = 8A5F863D203C462800B0106D /* 309769.mp3 */; };
		8A5F866D203C462800B0106D /* 339744.mp3 in Resources */ = {isa = PBXBuildFile; fileRef = 8A5F863E203C462800B0106D /* 339744.mp3 */; };
		8A5F866E203C462800B0106D /* Musics.plist in Resources */ = {isa = PBXBuildFile; fileRef = 8A5F863F203C462800B0106D /* Musics.plist */; };
		8A5F8674203C57BB00B0106D /* NSObject+ADKeyValue.swift in Sources */ = {isa = PBXBuildFile; fileRef = 8A5F8672203C57BA00B0106D /* NSObject+ADKeyValue.swift */; };
		8A5F8675203C57BB00B0106D /* UIView+AndyLayoutCategory.swift in Sources */ = {isa = PBXBuildFile; fileRef = 8A5F8673203C57BB00B0106D /* UIView+AndyLayoutCategory.swift */; };
		8A5F8677203C57EE00B0106D /* ADMusicPlayingTool.swift in Sources */ = {isa = PBXBuildFile; fileRef = 8A5F8676203C57EE00B0106D /* ADMusicPlayingTool.swift */; };
		8A5F8679203C634600B0106D /* String+ADTimeExtension.swift in Sources */ = {isa = PBXBuildFile; fileRef = 8A5F8678203C634600B0106D /* String+ADTimeExtension.swift */; };
		920C969992B5C48D1708D262 /* Pods_QQMusic_Swift3_0.framework in Frameworks */ = {isa = PBXBuildFile; fileRef = 1A548BE45255F58D5ED64E5A /* Pods_QQMusic_Swift3_0.framework */; };
/* End PBXBuildFile section */

/* Begin PBXFileReference section */
		1A548BE45255F58D5ED64E5A /* Pods_QQMusic_Swift3_0.framework */ = {isa = PBXFileReference; explicitFileType = wrapper.framework; includeInIndex = 0; path = Pods_QQMusic_Swift3_0.framework; sourceTree = BUILT_PRODUCTS_DIR; };
		6A63FF80C35E6A3766940176 /* Pods-QQMusic_Swift3.0.release.xcconfig */ = {isa = PBXFileReference; includeInIndex = 1; lastKnownFileType = text.xcconfig; name = "Pods-QQMusic_Swift3.0.release.xcconfig"; path = "Pods/Target Support Files/Pods-QQMusic_Swift3.0/Pods-QQMusic_Swift3.0.release.xcconfig"; sourceTree = "<group>"; };
		8A5F85EF203C45E300B0106D /* QQMusic_Swift3.0.app */ = {isa = PBXFileReference; explicitFileType = wrapper.application; includeInIndex = 0; path = QQMusic_Swift3.0.app; sourceTree = BUILT_PRODUCTS_DIR; };
		8A5F85F2203C45E300B0106D /* AppDelegate.swift */ = {isa = PBXFileReference; lastKnownFileType = sourcecode.swift; name = AppDelegate.swift; path = ../../AppDelegate.swift; sourceTree = "<group>"; };
		8A5F85F7203C45E300B0106D /* Base */ = {isa = PBXFileReference; lastKnownFileType = file.storyboard; name = Base; path = Base.lproj/Main.storyboard; sourceTree = "<group>"; };
		8A5F85F9203C45E300B0106D /* Assets.xcassets */ = {isa = PBXFileReference; lastKnownFileType = folder.assetcatalog; name = Assets.xcassets; path = ../../Assets.xcassets; sourceTree = "<group>"; };
		8A5F85FC203C45E300B0106D /* Base */ = {isa = PBXFileReference; lastKnownFileType = file.storyboard; name = Base; path = Base.lproj/LaunchScreen.storyboard; sourceTree = "<group>"; };
		8A5F85FE203C45E300B0106D /* Info.plist */ = {isa = PBXFileReference; lastKnownFileType = text.plist.xml; name = Info.plist; path = ../../Info.plist; sourceTree = "<group>"; };
		8A5F8606203C462800B0106D /* ADPlayingViewController.swift */ = {isa = PBXFileReference; fileEncoding = 4; lastKnownFileType = sourcecode.swift; path = ADPlayingViewController.swift; sourceTree = "<group>"; };
		8A5F8608203C462800B0106D /* ADMusic.swift */ = {isa = PBXFileReference; fileEncoding = 4; lastKnownFileType = sourcecode.swift; path = ADMusic.swift; sourceTree = "<group>"; };
		8A5F860E203C462800B0106D /* ADAudioTool.swift */ = {isa = PBXFileReference; fileEncoding = 4; lastKnownFileType = sourcecode.swift; path = ADAudioTool.swift; sourceTree = "<group>"; };
		8A5F8611203C462800B0106D /* ADLrcLabel.swift */ = {isa = PBXFileReference; fileEncoding = 4; lastKnownFileType = sourcecode.swift; path = ADLrcLabel.swift; sourceTree = "<group>"; };
		8A5F8612203C462800B0106D /* ADLrcView.swift */ = {isa = PBXFileReference; fileEncoding = 4; lastKnownFileType = sourcecode.swift; path = ADLrcView.swift; sourceTree = "<group>"; };
		8A5F8615203C462800B0106D /* bb@2x.jpg */ = {isa = PBXFileReference; lastKnownFileType = image.jpeg; path = "bb@2x.jpg"; sourceTree = "<group>"; };
		8A5F8616203C462800B0106D /* bb_icon@2x.jpg */ = {isa = PBXFileReference; lastKnownFileType = image.jpeg; path = "bb_icon@2x.jpg"; sourceTree = "<group>"; };
		8A5F8617203C462800B0106D /* dzq@2x.jpg */ = {isa = PBXFileReference; lastKnownFileType = image.jpeg; path = "dzq@2x.jpg"; sourceTree = "<group>"; };
		8A5F8618203C462800B0106D /* dzq_icon@2x.jpg */ = {isa = PBXFileReference; lastKnownFileType = image.jpeg; path = "dzq_icon@2x.jpg"; sourceTree = "<group>"; };
		8A5F8619203C462800B0106D /* eason@2x.jpg */ = {isa = PBXFileReference; lastKnownFileType = image.jpeg; path = "eason@2x.jpg"; sourceTree = "<group>"; };
		8A5F861A203C462800B0106D /* eason_icon@2x.jpg */ = {isa = PBXFileReference; lastKnownFileType = image.jpeg; path = "eason_icon@2x.jpg"; sourceTree = "<group>"; };
		8A5F861B203C462800B0106D /* jay@2x.jpg */ = {isa = PBXFileReference; lastKnownFileType = image.jpeg; path = "jay@2x.jpg"; sourceTree = "<group>"; };
		8A5F861C203C462800B0106D /* jay_icon@2x.png */ = {isa = PBXFileReference; lastKnownFileType = image.png; path = "jay_icon@2x.png"; sourceTree = "<group>"; };
		8A5F861D203C462800B0106D /* jj@2x.jpg */ = {isa = PBXFileReference; lastKnownFileType = image.jpeg; path = "jj@2x.jpg"; sourceTree = "<group>"; };
		8A5F861E203C462800B0106D /* jj_icon@2x.png */ = {isa = PBXFileReference; lastKnownFileType = image.png; path = "jj_icon@2x.png"; sourceTree = "<group>"; };
		8A5F861F203C462800B0106D /* kzxd@2x.jpg */ = {isa = PBXFileReference; lastKnownFileType = image.jpeg; path = "kzxd@2x.jpg"; sourceTree = "<group>"; };
		8A5F8620203C462800B0106D /* kzxd_icon@2x.jpg */ = {isa = PBXFileReference; lastKnownFileType = image.jpeg; path = "kzxd_icon@2x.jpg"; sourceTree = "<group>"; };
		8A5F8621203C462800B0106D /* lkq@2x.jpg */ = {isa = PBXFileReference; lastKnownFileType = image.jpeg; path = "lkq@2x.jpg"; sourceTree = "<group>"; };
		8A5F8622203C462800B0106D /* lkq_icon@2x.jpg */ = {isa = PBXFileReference; lastKnownFileType = image.jpeg; path = "lkq_icon@2x.jpg"; sourceTree = "<group>"; };
		8A5F8623203C462800B0106D /* nanquan@2x.jpg */ = {isa = PBXFileReference; lastKnownFileType = image.jpeg; path = "nanquan@2x.jpg"; sourceTree = "<group>"; };
		8A5F8624203C462800B0106D /* nanquan_icon@2x.jpg */ = {isa = PBXFileReference; lastKnownFileType = image.jpeg; path = "nanquan_icon@2x.jpg"; sourceTree = "<group>"; };
		8A5F8625203C462800B0106D /* wf@2x.jpg */ = {isa = PBXFileReference; lastKnownFileType = image.jpeg; path = "wf@2x.jpg"; sourceTree = "<group>"; };
		8A5F8626203C462800B0106D /* wf_icon@2x.jpg */ = {isa = PBXFileReference; lastKnownFileType = image.jpeg; path = "wf_icon@2x.jpg"; sourceTree = "<group>"; };
		8A5F8627203C462800B0106D /* zxy@2x.jpg */ = {isa = PBXFileReference; lastKnownFileType = image.jpeg; path = "zxy@2x.jpg"; sourceTree = "<group>"; };
		8A5F8628203C462800B0106D /* zxy_icon@2x.jpg */ = {isa = PBXFileReference; lastKnownFileType = image.jpeg; path = "zxy_icon@2x.jpg"; sourceTree = "<group>"; };
		8A5F862A203C462800B0106D /* 10405520.lrc */ = {isa = PBXFileReference; fileEncoding = 4; lastKnownFileType = text; path = 10405520.lrc; sourceTree = "<group>"; };
		8A5F862B203C462800B0106D /* 10736444.lrc */ = {isa = PBXFileReference; fileEncoding = 4; lastKnownFileType = text; path = 10736444.lrc; sourceTree = "<group>"; };
		8A5F862C203C462800B0106D /* 120125029.lrc */ = {isa = PBXFileReference; fileEncoding = 4; lastKnownFileType = text; path = 120125029.lrc; sourceTree = "<group>"; };
		8A5F862D203C462800B0106D /* 12309111.lrc */ = {isa = PBXFileReference; fileEncoding = 4; lastKnownFileType = text; path = 12309111.lrc; sourceTree = "<group>"; };
		8A5F862E203C462800B0106D /* 14945107.lrc */ = {isa = PBXFileReference; fileEncoding = 4; lastKnownFileType = text; path = 14945107.lrc; sourceTree = "<group>"; };
		8A5F862F203C462800B0106D /* 235319.lrc */ = {isa = PBXFileReference; fileEncoding = 4; lastKnownFileType = text; path = 235319.lrc; sourceTree = "<group>"; };
		8A5F8630203C462800B0106D /* 255319.lrc */ = {isa = PBXFileReference; fileEncoding = 4; lastKnownFileType = text; path = 255319.lrc; sourceTree = "<group>"; };
		8A5F8631203C462800B0106D /* 309769.lrc */ = {isa = PBXFileReference; fileEncoding = 4; lastKnownFileType = text; path = 309769.lrc; sourceTree = "<group>"; };
		8A5F8632203C462800B0106D /* 339744.lrc */ = {isa = PBXFileReference; fileEncoding = 4; lastKnownFileType = text; path = 339744.lrc; sourceTree = "<group>"; };
		8A5F8633203C462800B0106D /* 月半小夜曲.lrc */ = {isa = PBXFileReference; fileEncoding = 4; lastKnownFileType = text; path = "月半小夜曲.lrc"; sourceTree = "<group>"; };
		8A5F8635203C462800B0106D /* 10405520.mp3 */ = {isa = PBXFileReference; lastKnownFileType = audio.mp3; path = 10405520.mp3; sourceTree = "<group>"; };
		8A5F8636203C462800B0106D /* 10736444.mp3 */ = {isa = PBXFileReference; lastKnownFileType = audio.mp3; path = 10736444.mp3; sourceTree = "<group>"; };
		8A5F8637203C462800B0106D /* 1201111234.mp3 */ = {isa = PBXFileReference; lastKnownFileType = audio.mp3; path = 1201111234.mp3; sourceTree = "<group>"; };
		8A5F8638203C462800B0106D /* 120125029.mp3 */ = {isa = PBXFileReference; lastKnownFileType = audio.mp3; path = 120125029.mp3; sourceTree = "<group>"; };
		8A5F8639203C462800B0106D /* 12309111.mp3 */ = {isa = PBXFileReference; lastKnownFileType = audio.mp3; path = 12309111.mp3; sourceTree = "<group>"; };
		8A5F863A203C462800B0106D /* 14945107.mp3 */ = {isa = PBXFileReference; lastKnownFileType = audio.mp3; path = 14945107.mp3; sourceTree = "<group>"; };
		8A5F863B203C462800B0106D /* 235319.mp3 */ = {isa = PBXFileReference; lastKnownFileType = audio.mp3; path = 235319.mp3; sourceTree = "<group>"; };
		8A5F863C203C462800B0106D /* 255319.mp3 */ = {isa = PBXFileReference; lastKnownFileType = audio.mp3; path = 255319.mp3; sourceTree = "<group>"; };
		8A5F863D203C462800B0106D /* 309769.mp3 */ = {isa = PBXFileReference; lastKnownFileType = audio.mp3; path = 309769.mp3; sourceTree = "<group>"; };
		8A5F863E203C462800B0106D /* 339744.mp3 */ = {isa = PBXFileReference; lastKnownFileType = audio.mp3; path = 339744.mp3; sourceTree = "<group>"; };
		8A5F863F203C462800B0106D /* Musics.plist */ = {isa = PBXFileReference; fileEncoding = 4; lastKnownFileType = text.plist.xml; path = Musics.plist; sourceTree = "<group>"; };
		8A5F8672203C57BA00B0106D /* NSObject+ADKeyValue.swift */ = {isa = PBXFileReference; fileEncoding = 4; lastKnownFileType = sourcecode.swift; path = "NSObject+ADKeyValue.swift"; sourceTree = "<group>"; };
		8A5F8673203C57BB00B0106D /* UIView+AndyLayoutCategory.swift */ = {isa = PBXFileReference; fileEncoding = 4; lastKnownFileType = sourcecode.swift; path = "UIView+AndyLayoutCategory.swift"; sourceTree = "<group>"; };
		8A5F8676203C57EE00B0106D /* ADMusicPlayingTool.swift */ = {isa = PBXFileReference; fileEncoding = 4; lastKnownFileType = sourcecode.swift; path = ADMusicPlayingTool.swift; sourceTree = "<group>"; };
		8A5F8678203C634600B0106D /* String+ADTimeExtension.swift */ = {isa = PBXFileReference; fileEncoding = 4; lastKnownFileType = sourcecode.swift; path = "String+ADTimeExtension.swift"; sourceTree = "<group>"; };
		A22C251C89E4E6B9D15CDAB5 /* Pods-QQMusic_Swift3.0.debug.xcconfig */ = {isa = PBXFileReference; includeInIndex = 1; lastKnownFileType = text.xcconfig; name = "Pods-QQMusic_Swift3.0.debug.xcconfig"; path = "Pods/Target Support Files/Pods-QQMusic_Swift3.0/Pods-QQMusic_Swift3.0.debug.xcconfig"; sourceTree = "<group>"; };
/* End PBXFileReference section */

/* Begin PBXFrameworksBuildPhase section */
		8A5F85EC203C45E300B0106D /* Frameworks */ = {
			isa = PBXFrameworksBuildPhase;
			buildActionMask = 2147483647;
			files = (
				920C969992B5C48D1708D262 /* Pods_QQMusic_Swift3_0.framework in Frameworks */,
			);
			runOnlyForDeploymentPostprocessing = 0;
		};
/* End PBXFrameworksBuildPhase section */

/* Begin PBXGroup section */
		83CC1BCBE309393AA34373D6 /* Pods */ = {
			isa = PBXGroup;
			children = (
				A22C251C89E4E6B9D15CDAB5 /* Pods-QQMusic_Swift3.0.debug.xcconfig */,
				6A63FF80C35E6A3766940176 /* Pods-QQMusic_Swift3.0.release.xcconfig */,
			);
			name = Pods;
			sourceTree = "<group>";
		};
		8A5F85E6203C45E200B0106D = {
			isa = PBXGroup;
			children = (
				8A5F85F1203C45E300B0106D /* QQMusic_Swift3.0 */,
				8A5F85F0203C45E300B0106D /* Products */,
				83CC1BCBE309393AA34373D6 /* Pods */,
				C56CCDB2C530C4AD82145441 /* Frameworks */,
			);
			sourceTree = "<group>";
		};
		8A5F85F0203C45E300B0106D /* Products */ = {
			isa = PBXGroup;
			children = (
				8A5F85EF203C45E300B0106D /* QQMusic_Swift3.0.app */,
			);
			name = Products;
			sourceTree = "<group>";
		};
		8A5F85F1203C45E300B0106D /* QQMusic_Swift3.0 */ = {
			isa = PBXGroup;
			children = (
				8A5F8604203C462800B0106D /* Classes */,
				8A5F8613203C462800B0106D /* Resources */,
			);
			path = QQMusic_Swift3.0;
			sourceTree = "<group>";
		};
		8A5F8604203C462800B0106D /* Classes */ = {
			isa = PBXGroup;
			children = (
				8A5F8605203C462800B0106D /* Controller */,
				8A5F8607203C462800B0106D /* Model */,
				8A5F8610203C462800B0106D /* View */,
				8A5F860D203C462800B0106D /* Tool */,
				8A5F8671203C579200B0106D /* Category */,
				8A5F8609203C462800B0106D /* Other */,
			);
			path = Classes;
			sourceTree = "<group>";
		};
		8A5F8605203C462800B0106D /* Controller */ = {
			isa = PBXGroup;
			children = (
				8A5F8606203C462800B0106D /* ADPlayingViewController.swift */,
			);
			path = Controller;
			sourceTree = "<group>";
		};
		8A5F8607203C462800B0106D /* Model */ = {
			isa = PBXGroup;
			children = (
				8A5F8608203C462800B0106D /* ADMusic.swift */,
			);
			path = Model;
			sourceTree = "<group>";
		};
		8A5F8609203C462800B0106D /* Other */ = {
			isa = PBXGroup;
			children = (
				8A5F85F2203C45E300B0106D /* AppDelegate.swift */,
				8A5F85F6203C45E300B0106D /* Main.storyboard */,
				8A5F85F9203C45E300B0106D /* Assets.xcassets */,
				8A5F85FB203C45E300B0106D /* LaunchScreen.storyboard */,
				8A5F85FE203C45E300B0106D /* Info.plist */,
			);
			path = Other;
			sourceTree = "<group>";
		};
		8A5F860D203C462800B0106D /* Tool */ = {
			isa = PBXGroup;
			children = (
				8A5F8676203C57EE00B0106D /* ADMusicPlayingTool.swift */,
				8A5F860E203C462800B0106D /* ADAudioTool.swift */,
			);
			path = Tool;
			sourceTree = "<group>";
		};
		8A5F8610203C462800B0106D /* View */ = {
			isa = PBXGroup;
			children = (
				8A5F8611203C462800B0106D /* ADLrcLabel.swift */,
				8A5F8612203C462800B0106D /* ADLrcView.swift */,
			);
			path = View;
			sourceTree = "<group>";
		};
		8A5F8613203C462800B0106D /* Resources */ = {
			isa = PBXGroup;
			children = (
				8A5F8614203C462800B0106D /* Images */,
				8A5F8629203C462800B0106D /* Lrcs */,
				8A5F8634203C462800B0106D /* MP3s */,
				8A5F863F203C462800B0106D /* Musics.plist */,
			);
			path = Resources;
			sourceTree = "<group>";
		};
		8A5F8614203C462800B0106D /* Images */ = {
			isa = PBXGroup;
			children = (
				8A5F8615203C462800B0106D /* bb@2x.jpg */,
				8A5F8616203C462800B0106D /* bb_icon@2x.jpg */,
				8A5F8617203C462800B0106D /* dzq@2x.jpg */,
				8A5F8618203C462800B0106D /* dzq_icon@2x.jpg */,
				8A5F8619203C462800B0106D /* eason@2x.jpg */,
				8A5F861A203C462800B0106D /* eason_icon@2x.jpg */,
				8A5F861B203C462800B0106D /* jay@2x.jpg */,
				8A5F861C203C462800B0106D /* jay_icon@2x.png */,
				8A5F861D203C462800B0106D /* jj@2x.jpg */,
				8A5F861E203C462800B0106D /* jj_icon@2x.png */,
				8A5F861F203C462800B0106D /* kzxd@2x.jpg */,
				8A5F8620203C462800B0106D /* kzxd_icon@2x.jpg */,
				8A5F8621203C462800B0106D /* lkq@2x.jpg */,
				8A5F8622203C462800B0106D /* lkq_icon@2x.jpg */,
				8A5F8623203C462800B0106D /* nanquan@2x.jpg */,
				8A5F8624203C462800B0106D /* nanquan_icon@2x.jpg */,
				8A5F8625203C462800B0106D /* wf@2x.jpg */,
				8A5F8626203C462800B0106D /* wf_icon@2x.jpg */,
				8A5F8627203C462800B0106D /* zxy@2x.jpg */,
				8A5F8628203C462800B0106D /* zxy_icon@2x.jpg */,
			);
			path = Images;
			sourceTree = "<group>";
		};
		8A5F8629203C462800B0106D /* Lrcs */ = {
			isa = PBXGroup;
			children = (
				8A5F862A203C462800B0106D /* 10405520.lrc */,
				8A5F862B203C462800B0106D /* 10736444.lrc */,
				8A5F862C203C462800B0106D /* 120125029.lrc */,
				8A5F862D203C462800B0106D /* 12309111.lrc */,
				8A5F862E203C462800B0106D /* 14945107.lrc */,
				8A5F862F203C462800B0106D /* 235319.lrc */,
				8A5F8630203C462800B0106D /* 255319.lrc */,
				8A5F8631203C462800B0106D /* 309769.lrc */,
				8A5F8632203C462800B0106D /* 339744.lrc */,
				8A5F8633203C462800B0106D /* 月半小夜曲.lrc */,
			);
			path = Lrcs;
			sourceTree = "<group>";
		};
		8A5F8634203C462800B0106D /* MP3s */ = {
			isa = PBXGroup;
			children = (
				8A5F8635203C462800B0106D /* 10405520.mp3 */,
				8A5F8636203C462800B0106D /* 10736444.mp3 */,
				8A5F8637203C462800B0106D /* 1201111234.mp3 */,
				8A5F8638203C462800B0106D /* 120125029.mp3 */,
				8A5F8639203C462800B0106D /* 12309111.mp3 */,
				8A5F863A203C462800B0106D /* 14945107.mp3 */,
				8A5F863B203C462800B0106D /* 235319.mp3 */,
				8A5F863C203C462800B0106D /* 255319.mp3 */,
				8A5F863D203C462800B0106D /* 309769.mp3 */,
				8A5F863E203C462800B0106D /* 339744.mp3 */,
			);
			path = MP3s;
			sourceTree = "<group>";
		};
		8A5F8671203C579200B0106D /* Category */ = {
			isa = PBXGroup;
			children = (
				8A5F8672203C57BA00B0106D /* NSObject+ADKeyValue.swift */,
				8A5F8673203C57BB00B0106D /* UIView+AndyLayoutCategory.swift */,
				8A5F8678203C634600B0106D /* String+ADTimeExtension.swift */,
			);
			path = Category;
			sourceTree = "<group>";
		};
		C56CCDB2C530C4AD82145441 /* Frameworks */ = {
			isa = PBXGroup;
			children = (
				1A548BE45255F58D5ED64E5A /* Pods_QQMusic_Swift3_0.framework */,
			);
			name = Frameworks;
			sourceTree = "<group>";
		};
/* End PBXGroup section */

/* Begin PBXNativeTarget section */
		8A5F85EE203C45E300B0106D /* QQMusic_Swift3.0 */ = {
			isa = PBXNativeTarget;
			buildConfigurationList = 8A5F8601203C45E300B0106D /* Build configuration list for PBXNativeTarget "QQMusic_Swift3.0" */;
			buildPhases = (
				F592F1706198387BA8B1F376 /* [CP] Check Pods Manifest.lock */,
				8A5F85EB203C45E300B0106D /* Sources */,
				8A5F85EC203C45E300B0106D /* Frameworks */,
				8A5F85ED203C45E300B0106D /* Resources */,
				A531E38B1918171E4854C217 /* [CP] Embed Pods Frameworks */,
				3BAE9C290369B83747CDB28E /* [CP] Copy Pods Resources */,
			);
			buildRules = (
			);
			dependencies = (
			);
			name = QQMusic_Swift3.0;
			productName = QQMusic_Swift3.0;
			productReference = 8A5F85EF203C45E300B0106D /* QQMusic_Swift3.0.app */;
			productType = "com.apple.product-type.application";
		};
/* End PBXNativeTarget section */

/* Begin PBXProject section */
		8A5F85E7203C45E200B0106D /* Project object */ = {
			isa = PBXProject;
			attributes = {
				CLASSPREFIX = AD;
				LastSwiftUpdateCheck = 0820;
				LastUpgradeCheck = 0820;
				ORGANIZATIONNAME = "Yue Zhou";
				TargetAttributes = {
					8A5F85EE203C45E300B0106D = {
						CreatedOnToolsVersion = 8.2.1;
						ProvisioningStyle = Automatic;
					};
				};
			};
			buildConfigurationList = 8A5F85EA203C45E200B0106D /* Build configuration list for PBXProject "QQMusic_Swift3.0" */;
			compatibilityVersion = "Xcode 3.2";
			developmentRegion = English;
			hasScannedForEncodings = 0;
			knownRegions = (
				en,
				Base,
			);
			mainGroup = 8A5F85E6203C45E200B0106D;
			productRefGroup = 8A5F85F0203C45E300B0106D /* Products */;
			projectDirPath = "";
			projectRoot = "";
			targets = (
				8A5F85EE203C45E300B0106D /* QQMusic_Swift3.0 */,
			);
		};
/* End PBXProject section */

/* Begin PBXResourcesBuildPhase section */
		8A5F85ED203C45E300B0106D /* Resources */ = {
			isa = PBXResourcesBuildPhase;
			buildActionMask = 2147483647;
			files = (
				8A5F8660203C462800B0106D /* 255319.lrc in Resources */,
				8A5F865B203C462800B0106D /* 10736444.lrc in Resources */,
				8A5F8668203C462800B0106D /* 12309111.mp3 in Resources */,
				8A5F8655203C462800B0106D /* nanquan_icon@2x.jpg in Resources */,
				8A5F864F203C462800B0106D /* jj_icon@2x.png in Resources */,
				8A5F8666203C462800B0106D /* 1201111234.mp3 in Resources */,
				8A5F866E203C462800B0106D /* Musics.plist in Resources */,
				8A5F8665203C462800B0106D /* 10736444.mp3 in Resources */,
				8A5F864D203C462800B0106D /* jay_icon@2x.png in Resources */,
				8A5F8669203C462800B0106D /* 14945107.mp3 in Resources */,
				8A5F8647203C462800B0106D /* bb_icon@2x.jpg in Resources */,
				8A5F865A203C462800B0106D /* 10405520.lrc in Resources */,
				8A5F8651203C462800B0106D /* kzxd_icon@2x.jpg in Resources */,
				8A5F864C203C462800B0106D /* jay@2x.jpg in Resources */,
				8A5F85FD203C45E300B0106D /* LaunchScreen.storyboard in Resources */,
				8A5F8659203C462800B0106D /* zxy_icon@2x.jpg in Resources */,
				8A5F866B203C462800B0106D /* 255319.mp3 in Resources */,
				8A5F8656203C462800B0106D /* wf@2x.jpg in Resources */,
				8A5F8648203C462800B0106D /* dzq@2x.jpg in Resources */,
				8A5F8657203C462800B0106D /* wf_icon@2x.jpg in Resources */,
				8A5F864B203C462800B0106D /* eason_icon@2x.jpg in Resources */,
				8A5F8667203C462800B0106D /* 120125029.mp3 in Resources */,
				8A5F8664203C462800B0106D /* 10405520.mp3 in Resources */,
				8A5F8650203C462800B0106D /* kzxd@2x.jpg in Resources */,
				8A5F8653203C462800B0106D /* lkq_icon@2x.jpg in Resources */,
				8A5F866A203C462800B0106D /* 235319.mp3 in Resources */,
				8A5F865D203C462800B0106D /* 12309111.lrc in Resources */,
				8A5F864E203C462800B0106D /* jj@2x.jpg in Resources */,
				8A5F8658203C462800B0106D /* zxy@2x.jpg in Resources */,
				8A5F864A203C462800B0106D /* eason@2x.jpg in Resources */,
				8A5F8652203C462800B0106D /* lkq@2x.jpg in Resources */,
				8A5F8661203C462800B0106D /* 309769.lrc in Resources */,
				8A5F8662203C462800B0106D /* 339744.lrc in Resources */,
				8A5F8663203C462800B0106D /* 月半小夜曲.lrc in Resources */,
				8A5F8649203C462800B0106D /* dzq_icon@2x.jpg in Resources */,
				8A5F865E203C462800B0106D /* 14945107.lrc in Resources */,
				8A5F85FA203C45E300B0106D /* Assets.xcassets in Resources */,
				8A5F866C203C462800B0106D /* 309769.mp3 in Resources */,
				8A5F865C203C462800B0106D /* 120125029.lrc in Resources */,
				8A5F8646203C462800B0106D /* bb@2x.jpg in Resources */,
				8A5F865F203C462800B0106D /* 235319.lrc in Resources */,
				8A5F85F8203C45E300B0106D /* Main.storyboard in Resources */,
				8A5F8654203C462800B0106D /* nanquan@2x.jpg in Resources */,
				8A5F866D203C462800B0106D /* 339744.mp3 in Resources */,
			);
			runOnlyForDeploymentPostprocessing = 0;
		};
/* End PBXResourcesBuildPhase section */

/* Begin PBXShellScriptBuildPhase section */
		3BAE9C290369B83747CDB28E /* [CP] Copy Pods Resources */ = {
			isa = PBXShellScriptBuildPhase;
			buildActionMask = 2147483647;
			files = (
			);
			inputPaths = (
			);
			name = "[CP] Copy Pods Resources";
			outputPaths = (
			);
			runOnlyForDeploymentPostprocessing = 0;
			shellPath = /bin/sh;
			shellScript = "\"${SRCROOT}/Pods/Target Support Files/Pods-QQMusic_Swift3.0/Pods-QQMusic_Swift3.0-resources.sh\"\n";
			showEnvVarsInLog = 0;
		};
		A531E38B1918171E4854C217 /* [CP] Embed Pods Frameworks */ = {
			isa = PBXShellScriptBuildPhase;
			buildActionMask = 2147483647;
			files = (
			);
			inputPaths = (
			);
			name = "[CP] Embed Pods Frameworks";
			outputPaths = (
			);
			runOnlyForDeploymentPostprocessing = 0;
			shellPath = /bin/sh;
			shellScript = "\"${SRCROOT}/Pods/Target Support Files/Pods-QQMusic_Swift3.0/Pods-QQMusic_Swift3.0-frameworks.sh\"\n";
			showEnvVarsInLog = 0;
		};
		F592F1706198387BA8B1F376 /* [CP] Check Pods Manifest.lock */ = {
			isa = PBXShellScriptBuildPhase;
			buildActionMask = 2147483647;
			files = (
			);
			inputPaths = (
			);
			name = "[CP] Check Pods Manifest.lock";
			outputPaths = (
			);
			runOnlyForDeploymentPostprocessing = 0;
			shellPath = /bin/sh;
			shellScript = "diff \"${PODS_ROOT}/../Podfile.lock\" \"${PODS_ROOT}/Manifest.lock\" > /dev/null\nif [ $? != 0 ] ; then\n    # print error to STDERR\n    echo \"error: The sandbox is not in sync with the Podfile.lock. Run 'pod install' or update your CocoaPods installation.\" >&2\n    exit 1\nfi\n";
			showEnvVarsInLog = 0;
		};
/* End PBXShellScriptBuildPhase section */

/* Begin PBXSourcesBuildPhase section */
		8A5F85EB203C45E300B0106D /* Sources */ = {
			isa = PBXSourcesBuildPhase;
			buildActionMask = 2147483647;
			files = (
				8A5F85F3203C45E300B0106D /* AppDelegate.swift in Sources */,
				8A5F8645203C462800B0106D /* ADLrcView.swift in Sources */,
				8A5F8674203C57BB00B0106D /* NSObject+ADKeyValue.swift in Sources */,
				8A5F8644203C462800B0106D /* ADLrcLabel.swift in Sources */,
				8A5F8679203C634600B0106D /* String+ADTimeExtension.swift in Sources */,
				8A5F8641203C462800B0106D /* ADMusic.swift in Sources */,
				8A5F8640203C462800B0106D /* ADPlayingViewController.swift in Sources */,
				8A5F8675203C57BB00B0106D /* UIView+AndyLayoutCategory.swift in Sources */,
				8A5F8677203C57EE00B0106D /* ADMusicPlayingTool.swift in Sources */,
				8A5F8642203C462800B0106D /* ADAudioTool.swift in Sources */,
			);
			runOnlyForDeploymentPostprocessing = 0;
		};
/* End PBXSourcesBuildPhase section */

/* Begin PBXVariantGroup section */
		8A5F85F6203C45E300B0106D /* Main.storyboard */ = {
			isa = PBXVariantGroup;
			children = (
				8A5F85F7203C45E300B0106D /* Base */,
			);
			name = Main.storyboard;
			path = ../..;
			sourceTree = "<group>";
		};
		8A5F85FB203C45E300B0106D /* LaunchScreen.storyboard */ = {
			isa = PBXVariantGroup;
			children = (
				8A5F85FC203C45E300B0106D /* Base */,
			);
			name = LaunchScreen.storyboard;
			path = ../..;
			sourceTree = "<group>";
		};
/* End PBXVariantGroup section */

/* Begin XCBuildConfiguration section */
		8A5F85FF203C45E300B0106D /* Debug */ = {
			isa = XCBuildConfiguration;
			buildSettings = {
				ALWAYS_SEARCH_USER_PATHS = NO;
				CLANG_ANALYZER_NONNULL = YES;
				CLANG_CXX_LANGUAGE_STANDARD = "gnu++0x";
				CLANG_CXX_LIBRARY = "libc++";
				CLANG_ENABLE_MODULES = YES;
				CLANG_ENABLE_OBJC_ARC = YES;
				CLANG_WARN_BOOL_CONVERSION = YES;
				CLANG_WARN_CONSTANT_CONVERSION = YES;
				CLANG_WARN_DIRECT_OBJC_ISA_USAGE = YES_ERROR;
				CLANG_WARN_DOCUMENTATION_COMMENTS = YES;
				CLANG_WARN_EMPTY_BODY = YES;
				CLANG_WARN_ENUM_CONVERSION = YES;
				CLANG_WARN_INFINITE_RECURSION = YES;
				CLANG_WARN_INT_CONVERSION = YES;
				CLANG_WARN_OBJC_ROOT_CLASS = YES_ERROR;
				CLANG_WARN_SUSPICIOUS_MOVE = YES;
				CLANG_WARN_UNREACHABLE_CODE = YES;
				CLANG_WARN__DUPLICATE_METHOD_MATCH = YES;
				"CODE_SIGN_IDENTITY[sdk=iphoneos*]" = "iPhone Developer";
				COPY_PHASE_STRIP = NO;
				DEBUG_INFORMATION_FORMAT = dwarf;
				ENABLE_STRICT_OBJC_MSGSEND = YES;
				ENABLE_TESTABILITY = YES;
				GCC_C_LANGUAGE_STANDARD = gnu99;
				GCC_DYNAMIC_NO_PIC = NO;
				GCC_NO_COMMON_BLOCKS = YES;
				GCC_OPTIMIZATION_LEVEL = 0;
				GCC_PREPROCESSOR_DEFINITIONS = (
					"DEBUG=1",
					"$(inherited)",
				);
				GCC_WARN_64_TO_32_BIT_CONVERSION = YES;
				GCC_WARN_ABOUT_RETURN_TYPE = YES_ERROR;
				GCC_WARN_UNDECLARED_SELECTOR = YES;
				GCC_WARN_UNINITIALIZED_AUTOS = YES_AGGRESSIVE;
				GCC_WARN_UNUSED_FUNCTION = YES;
				GCC_WARN_UNUSED_VARIABLE = YES;
				IPHONEOS_DEPLOYMENT_TARGET = 10.2;
				MTL_ENABLE_DEBUG_INFO = YES;
				ONLY_ACTIVE_ARCH = YES;
				SDKROOT = iphoneos;
				SWIFT_ACTIVE_COMPILATION_CONDITIONS = DEBUG;
				SWIFT_OPTIMIZATION_LEVEL = "-Onone";
				TARGETED_DEVICE_FAMILY = "1,2";
			};
			name = Debug;
		};
		8A5F8600203C45E300B0106D /* Release */ = {
			isa = XCBuildConfiguration;
			buildSettings = {
				ALWAYS_SEARCH_USER_PATHS = NO;
				CLANG_ANALYZER_NONNULL = YES;
				CLANG_CXX_LANGUAGE_STANDARD = "gnu++0x";
				CLANG_CXX_LIBRARY = "libc++";
				CLANG_ENABLE_MODULES = YES;
				CLANG_ENABLE_OBJC_ARC = YES;
				CLANG_WARN_BOOL_CONVERSION = YES;
				CLANG_WARN_CONSTANT_CONVERSION = YES;
				CLANG_WARN_DIRECT_OBJC_ISA_USAGE = YES_ERROR;
				CLANG_WARN_DOCUMENTATION_COMMENTS = YES;
				CLANG_WARN_EMPTY_BODY = YES;
				CLANG_WARN_ENUM_CONVERSION = YES;
				CLANG_WARN_INFINITE_RECURSION = YES;
				CLANG_WARN_INT_CONVERSION = YES;
				CLANG_WARN_OBJC_ROOT_CLASS = YES_ERROR;
				CLANG_WARN_SUSPICIOUS_MOVE = YES;
				CLANG_WARN_UNREACHABLE_CODE = YES;
				CLANG_WARN__DUPLICATE_METHOD_MATCH = YES;
				"CODE_SIGN_IDENTITY[sdk=iphoneos*]" = "iPhone Developer";
				COPY_PHASE_STRIP = NO;
				DEBUG_INFORMATION_FORMAT = "dwarf-with-dsym";
				ENABLE_NS_ASSERTIONS = NO;
				ENABLE_STRICT_OBJC_MSGSEND = YES;
				GCC_C_LANGUAGE_STANDARD = gnu99;
				GCC_NO_COMMON_BLOCKS = YES;
				GCC_WARN_64_TO_32_BIT_CONVERSION = YES;
				GCC_WARN_ABOUT_RETURN_TYPE = YES_ERROR;
				GCC_WARN_UNDECLARED_SELECTOR = YES;
				GCC_WARN_UNINITIALIZED_AUTOS = YES_AGGRESSIVE;
				GCC_WARN_UNUSED_FUNCTION = YES;
				GCC_WARN_UNUSED_VARIABLE = YES;
				IPHONEOS_DEPLOYMENT_TARGET = 10.2;
				MTL_ENABLE_DEBUG_INFO = NO;
				SDKROOT = iphoneos;
				SWIFT_OPTIMIZATION_LEVEL = "-Owholemodule";
				TARGETED_DEVICE_FAMILY = "1,2";
				VALIDATE_PRODUCT = YES;
			};
			name = Release;
		};
		8A5F8602203C45E300B0106D /* Debug */ = {
			isa = XCBuildConfiguration;
			baseConfigurationReference = A22C251C89E4E6B9D15CDAB5 /* Pods-QQMusic_Swift3.0.debug.xcconfig */;
			buildSettings = {
				ASSETCATALOG_COMPILER_APPICON_NAME = AppIcon;
				INFOPLIST_FILE = QQMusic_Swift3.0/Info.plist;
				LD_RUNPATH_SEARCH_PATHS = "$(inherited) @executable_path/Frameworks";
				PRODUCT_BUNDLE_IDENTIFIER = "YZ.QQMusic-Swift3-0";
				PRODUCT_NAME = "$(TARGET_NAME)";
				SWIFT_VERSION = 3.0;
			};
			name = Debug;
		};
		8A5F8603203C45E300B0106D /* Release */ = {
			isa = XCBuildConfiguration;
			baseConfigurationReference = 6A63FF80C35E6A3766940176 /* Pods-QQMusic_Swift3.0.release.xcconfig */;
			buildSettings = {
				ASSETCATALOG_COMPILER_APPICON_NAME = AppIcon;
				INFOPLIST_FILE = QQMusic_Swift3.0/Info.plist;
				LD_RUNPATH_SEARCH_PATHS = "$(inherited) @executable_path/Frameworks";
				PRODUCT_BUNDLE_IDENTIFIER = "YZ.QQMusic-Swift3-0";
				PRODUCT_NAME = "$(TARGET_NAME)";
				SWIFT_VERSION = 3.0;
			};
			name = Release;
		};
/* End XCBuildConfiguration section */

/* Begin XCConfigurationList section */
		8A5F85EA203C45E200B0106D /* Build configuration list for PBXProject "QQMusic_Swift3.0" */ = {
			isa = XCConfigurationList;
			buildConfigurations = (
				8A5F85FF203C45E300B0106D /* Debug */,
				8A5F8600203C45E300B0106D /* Release */,
			);
			defaultConfigurationIsVisible = 0;
			defaultConfigurationName = Release;
		};
		8A5F8601203C45E300B0106D /* Build configuration list for PBXNativeTarget "QQMusic_Swift3.0" */ = {
			isa = XCConfigurationList;
			buildConfigurations = (
				8A5F8602203C45E300B0106D /* Debug */,
				8A5F8603203C45E300B0106D /* Release */,
			);
			defaultConfigurationIsVisible = 0;
			defaultConfigurationName = Release;
		};
/* End XCConfigurationList section */
	};
	rootObject = 8A5F85E7203C45E200B0106D /* Project object */;
}
